
Microsoft Visual Studio Solution File, Format Version 12.00
# Visual Studio Version 16
VisualStudioVersion = 16.0.29215.179
MinimumVisualStudioVersion = 10.0.40219.1
Project("{FAE04EC0-301F-11D3-BF4B-00C04F79EFBC}") = "Weatherman", "Weatherman.csproj", "{846B1C3C-796C-4808-BA92-DCCDFF261EB5}"
EndProject
Global
	GlobalSection(SolutionConfigurationPlatforms) = preSolution
		Debug|Any CPU = Debug|Any CPU
		Release|Any CPU = Release|Any CPU
	EndGlobalSection
	GlobalSection(ProjectConfigurationPlatforms) = postSolution
		{846B1C3C-796C-4808-BA92-DCCDFF261EB5}.Debug|Any CPU.ActiveCfg = Debug|Any CPU
		{846B1C3C-796C-4808-BA92-DCCDFF261EB5}.Debug|Any CPU.Build.0 = Debug|Any CPU
		{846B1C3C-796C-4808-BA92-DCCDFF261EB5}.Release|Any CPU.ActiveCfg = Release|Any CPU
		{846B1C3C-796C-4808-BA92-DCCDFF261EB5}.Release|Any CPU.Build.0 = Release|Any CPU
	EndGlobalSection
	GlobalSection(SolutionProperties) = preSolution
		HideSolutionNode = FALSE
	EndGlobalSection
	GlobalSection(ExtensibilityGlobals) = postSolution
		SolutionGuid = {DC848531-7B74-4AD4-82A1-7D68AF1E763D}
	EndGlobalSection
EndGlobal
